
Microsoft Visual Studio Solution File, Format Version 12.00
# Visual Studio Version 17
VisualStudioVersion = 17.4.33213.308
MinimumVisualStudioVersion = 10.0.40219.1
Project("{FAE04EC0-301F-11D3-BF4B-00C04F79EFBC}") = "Warehouse_Management", "Warehouse_Management\Warehouse_Management.csproj", "{183193A3-D3E6-46D0-A2FA-855A5BEC67F9}"
EndProject
Global
	GlobalSection(SolutionConfigurationPlatforms) = preSolution
		Debug|Any CPU = Debug|Any CPU
		Release|Any CPU = Release|Any CPU
	EndGlobalSection
	GlobalSection(ProjectConfigurationPlatforms) = postSolution
		{183193A3-D3E6-46D0-A2FA-855A5BEC67F9}.Debug|Any CPU.ActiveCfg = Debug|Any CPU
		{183193A3-D3E6-46D0-A2FA-855A5BEC67F9}.Debug|Any CPU.Build.0 = Debug|Any CPU
		{183193A3-D3E6-46D0-A2FA-855A5BEC67F9}.Release|Any CPU.ActiveCfg = Release|Any CPU
		{183193A3-D3E6-46D0-A2FA-855A5BEC67F9}.Release|Any CPU.Build.0 = Release|Any CPU
	EndGlobalSection
	GlobalSection(SolutionProperties) = preSolution
		HideSolutionNode = FALSE
	EndGlobalSection
	GlobalSection(ExtensibilityGlobals) = postSolution
		SolutionGuid = {70A56436-1E6F-43AE-8ACD-0917D8C251AE}
	EndGlobalSection
EndGlobal
